{
  "name": "react-custom-checkbox-example",
  "version": "0.0.0",
  "lockfileVersion": 1,
  "requires": true,
  "dependencies": {
    "camelcase": {
      "version": "5.3.1",
      "resolved": "https://registry.npmjs.org/camelcase/-/camelcase-5.3.1.tgz",
      "integrity": "sha512-L28STB170nwWS63UjtlEOE3dldQApaJXZkOI1uMFfzf3rRuPegHaHesyee+YxQ+W6SvRDQV6UrdOdRiR153wJg=="
    },
    "react": {
      "version": "file:../node_modules/react",
      "integrity": "sha512-0X2CImDkJGApiAlcf0ODKIneSwBPhqJawOa5wCtKbu7ZECrmS26NvtSILynQ66cgkT/RJ4LidJOc3bUESwmU8g=="
    },
    "react-custom-checkbox": {
      "version": "file:..",
      "dependencies": {
        "react": {
          "version": "16.14.0",
          "resolved": "https://registry.npmjs.org/react/-/react-16.14.0.tgz",
          "integrity": "sha512-0X2CImDkJGApiAlcf0ODKIneSwBPhqJawOa5wCtKbu7ZECrmS26NvtSILynQ66cgkT/RJ4LidJOc3bUESwmU8g=="
        },
        "react-dom": {
          "version": "16.14.0",
          "resolved": "https://registry.npmjs.org/react-dom/-/react-dom-16.14.0.tgz",
          "integrity": "sha512-1gCeQXDLoIqMgqD3IO2Ah9bnf0w9kzhwN5q4FGnHZ67hBm9yePzB5JJAIQCc8x3pFnNlwFq4RidZggNAAkzWWw=="
        },
        "react-scripts": {
          "version": "4.0.3",
          "resolved": "https://registry.npmjs.org/react-scripts/-/react-scripts-4.0.3.tgz",
          "integrity": "sha512-S5eO4vjUzUisvkIPB7jVsKtuH2HhWcASREYWHAQ1FP5HyCv3xgn+wpILAEWkmy+A+tTNbSZClhxjT3qz6g4L1A=="
        }
      }
    },
    "react-dom": {
      "version": "file:../node_modules/react-dom",
      "integrity": "sha512-1gCeQXDLoIqMgqD3IO2Ah9bnf0w9kzhwN5q4FGnHZ67hBm9yePzB5JJAIQCc8x3pFnNlwFq4RidZggNAAkzWWw=="
    },
    "react-icons": {
      "version": "3.11.0",
      "resolved": "https://registry.npmjs.org/react-icons/-/react-icons-3.11.0.tgz",
      "integrity": "sha512-JRgiI/vdF6uyBgyZhVyYJUZAop95Sy4XDe/jmT3R/bKliFWpO/uZBwvSjWEdxwzec7SYbEPNPck0Kff2tUGM2Q==",
      "requires": {
        "camelcase": "^5.0.0"
      }
    },
    "react-scripts": {
      "version": "file:../node_modules/react-scripts",
      "integrity": "sha512-S5eO4vjUzUisvkIPB7jVsKtuH2HhWcASREYWHAQ1FP5HyCv3xgn+wpILAEWkmy+A+tTNbSZClhxjT3qz6g4L1A=="
    }
  }
}
